{
	"name": "@aurelia-toolbelt/core",
	"version": "0.1.0",
	"lockfileVersion": 1,
	"requires": true,
	"dependencies": {
		"styl-injector": {
			"version": "1.4.0",
			"resolved": "https://registry.npmjs.org/styl-injector/-/styl-injector-1.4.0.tgz",
			"integrity": "sha512-EoYQtghAa9lHOz7lH7v/I2xvjep1S9p1K/ihzAP3Z4kPK/YmghK5+UEhGE2htDpYfnghlP6tazo3lSHuNb2jtw=="
		}
	}
}
